
Microsoft Visual Studio Solution File, Format Version 12.00
# Visual Studio Version 17
VisualStudioVersion = 17.0.32112.339
MinimumVisualStudioVersion = 10.0.40219.1
Project("{FAE04EC0-301F-11D3-BF4B-00C04F79EFBC}") = "WebApplication2", "WebApplication2.csproj", "{ABA5729F-60BA-47B0-989B-9706CAB56C8C}"
EndProject
Global
	GlobalSection(SolutionConfigurationPlatforms) = preSolution
		Debug|Any CPU = Debug|Any CPU
		Release|Any CPU = Release|Any CPU
	EndGlobalSection
	GlobalSection(ProjectConfigurationPlatforms) = postSolution
		{ABA5729F-60BA-47B0-989B-9706CAB56C8C}.Debug|Any CPU.ActiveCfg = Debug|Any CPU
		{ABA5729F-60BA-47B0-989B-9706CAB56C8C}.Debug|Any CPU.Build.0 = Debug|Any CPU
		{ABA5729F-60BA-47B0-989B-9706CAB56C8C}.Release|Any CPU.ActiveCfg = Release|Any CPU
		{ABA5729F-60BA-47B0-989B-9706CAB56C8C}.Release|Any CPU.Build.0 = Release|Any CPU
	EndGlobalSection
	GlobalSection(SolutionProperties) = preSolution
		HideSolutionNode = FALSE
	EndGlobalSection
	GlobalSection(ExtensibilityGlobals) = postSolution
		SolutionGuid = {B5665208-2B52-4EFB-BF21-F26D96AE2C7C}
	EndGlobalSection
EndGlobal
